
Microsoft Visual Studio Solution File, Format Version 12.00
Project("{FAE04EC0-301F-11D3-BF4B-00C04F79EFBC}") = "ApiKeyWithMiddleware", "ApiKeyWithMiddleware\ApiKeyWithMiddleware.csproj", "{13A10959-361C-49C4-8025-B5AB930947AB}"
EndProject
Project("{FAE04EC0-301F-11D3-BF4B-00C04F79EFBC}") = "TestMiddleware", "TestMiddleware\TestMiddleware.csproj", "{70E24080-EE9D-48FB-8E89-E5766F824F67}"
EndProject
Global
	GlobalSection(SolutionConfigurationPlatforms) = preSolution
		Debug|Any CPU = Debug|Any CPU
		Release|Any CPU = Release|Any CPU
	EndGlobalSection
	GlobalSection(ProjectConfigurationPlatforms) = postSolution
		{13A10959-361C-49C4-8025-B5AB930947AB}.Debug|Any CPU.ActiveCfg = Debug|Any CPU
		{13A10959-361C-49C4-8025-B5AB930947AB}.Debug|Any CPU.Build.0 = Debug|Any CPU
		{13A10959-361C-49C4-8025-B5AB930947AB}.Release|Any CPU.ActiveCfg = Release|Any CPU
		{13A10959-361C-49C4-8025-B5AB930947AB}.Release|Any CPU.Build.0 = Release|Any CPU
		{70E24080-EE9D-48FB-8E89-E5766F824F67}.Debug|Any CPU.ActiveCfg = Debug|Any CPU
		{70E24080-EE9D-48FB-8E89-E5766F824F67}.Debug|Any CPU.Build.0 = Debug|Any CPU
		{70E24080-EE9D-48FB-8E89-E5766F824F67}.Release|Any CPU.ActiveCfg = Release|Any CPU
		{70E24080-EE9D-48FB-8E89-E5766F824F67}.Release|Any CPU.Build.0 = Release|Any CPU
	EndGlobalSection
EndGlobal
